
Microsoft Visual Studio Solution File, Format Version 12.00
# Visual Studio Version 17
VisualStudioVersion = 17.13.35806.99 d17.13
MinimumVisualStudioVersion = 10.0.40219.1
Project("{FAE04EC0-301F-11D3-BF4B-00C04F79EFBC}") = "SchoolManagmentSystemPL", "SchoolManagmentSystemPL\SchoolManagmentSystemPL.csproj", "{CED49BA9-09FB-4E53-8F56-5DB25ADA361F}"
EndProject
Project("{FAE04EC0-301F-11D3-BF4B-00C04F79EFBC}") = "SchoolManagmentSystemDAL", "SchoolManagmentSystemDAL\SchoolManagmentSystemDAL.csproj", "{AA008C32-9332-4D21-B9EE-E5DE30D86957}"
EndProject
Project("{FAE04EC0-301F-11D3-BF4B-00C04F79EFBC}") = "SchoolManagmentSystemBLL", "SchoolManagmentSystemBLL\SchoolManagmentSystemBLL.csproj", "{F9C1473E-F229-425D-94D5-DAD3C78E7846}"
EndProject
Global
	GlobalSection(SolutionConfigurationPlatforms) = preSolution
		Debug|Any CPU = Debug|Any CPU
		Release|Any CPU = Release|Any CPU
	EndGlobalSection
	GlobalSection(ProjectConfigurationPlatforms) = postSolution
		{CED49BA9-09FB-4E53-8F56-5DB25ADA361F}.Debug|Any CPU.ActiveCfg = Debug|Any CPU
		{CED49BA9-09FB-4E53-8F56-5DB25ADA361F}.Debug|Any CPU.Build.0 = Debug|Any CPU
		{CED49BA9-09FB-4E53-8F56-5DB25ADA361F}.Release|Any CPU.ActiveCfg = Release|Any CPU
		{CED49BA9-09FB-4E53-8F56-5DB25ADA361F}.Release|Any CPU.Build.0 = Release|Any CPU
		{AA008C32-9332-4D21-B9EE-E5DE30D86957}.Debug|Any CPU.ActiveCfg = Debug|Any CPU
		{AA008C32-9332-4D21-B9EE-E5DE30D86957}.Debug|Any CPU.Build.0 = Debug|Any CPU
		{AA008C32-9332-4D21-B9EE-E5DE30D86957}.Release|Any CPU.ActiveCfg = Release|Any CPU
		{AA008C32-9332-4D21-B9EE-E5DE30D86957}.Release|Any CPU.Build.0 = Release|Any CPU
		{F9C1473E-F229-425D-94D5-DAD3C78E7846}.Debug|Any CPU.ActiveCfg = Debug|Any CPU
		{F9C1473E-F229-425D-94D5-DAD3C78E7846}.Debug|Any CPU.Build.0 = Debug|Any CPU
		{F9C1473E-F229-425D-94D5-DAD3C78E7846}.Release|Any CPU.ActiveCfg = Release|Any CPU
		{F9C1473E-F229-425D-94D5-DAD3C78E7846}.Release|Any CPU.Build.0 = Release|Any CPU
	EndGlobalSection
	GlobalSection(SolutionProperties) = preSolution
		HideSolutionNode = FALSE
	EndGlobalSection
	GlobalSection(ExtensibilityGlobals) = postSolution
		SolutionGuid = {C7DBEBB6-7407-46B3-B3B0-DC2335DF07BC}
	EndGlobalSection
EndGlobal
