
Microsoft Visual Studio Solution File, Format Version 12.00
# Visual Studio Version 17
VisualStudioVersion = 17.13.35806.99
MinimumVisualStudioVersion = 10.0.40219.1
Project("{FAE04EC0-301F-11D3-BF4B-00C04F79EFBC}") = "SchoolManagmentSystemBLL", "SchoolManagmentSystemBLL\SchoolManagmentSystemBLL.csproj", "{F9C1473E-F229-425D-94D5-DAD3C78E7846}"
EndProject
Project("{FAE04EC0-301F-11D3-BF4B-00C04F79EFBC}") = "SchoolManagmentSystemDAL", "SchoolManagmentSystemDAL\SchoolManagmentSystemDAL.csproj", "{50E35F19-FEAA-48EB-9E94-72355BDA4D24}"
EndProject
Project("{FAE04EC0-301F-11D3-BF4B-00C04F79EFBC}") = "SchoolManagmentSystemPL", "SchoolManagmentSystemPL\SchoolManagmentSystemPL.csproj", "{1E2EA89B-4409-4BF6-8DB4-EC7B797C2297}"
EndProject
Global
	GlobalSection(SolutionConfigurationPlatforms) = preSolution
		Debug|Any CPU = Debug|Any CPU
		Release|Any CPU = Release|Any CPU
	EndGlobalSection
	GlobalSection(ProjectConfigurationPlatforms) = postSolution
		{F9C1473E-F229-425D-94D5-DAD3C78E7846}.Debug|Any CPU.ActiveCfg = Debug|Any CPU
		{F9C1473E-F229-425D-94D5-DAD3C78E7846}.Debug|Any CPU.Build.0 = Debug|Any CPU
		{F9C1473E-F229-425D-94D5-DAD3C78E7846}.Release|Any CPU.ActiveCfg = Release|Any CPU
		{F9C1473E-F229-425D-94D5-DAD3C78E7846}.Release|Any CPU.Build.0 = Release|Any CPU
		{50E35F19-FEAA-48EB-9E94-72355BDA4D24}.Debug|Any CPU.ActiveCfg = Debug|Any CPU
		{50E35F19-FEAA-48EB-9E94-72355BDA4D24}.Debug|Any CPU.Build.0 = Debug|Any CPU
		{50E35F19-FEAA-48EB-9E94-72355BDA4D24}.Release|Any CPU.ActiveCfg = Release|Any CPU
		{50E35F19-FEAA-48EB-9E94-72355BDA4D24}.Release|Any CPU.Build.0 = Release|Any CPU
		{1E2EA89B-4409-4BF6-8DB4-EC7B797C2297}.Debug|Any CPU.ActiveCfg = Debug|Any CPU
		{1E2EA89B-4409-4BF6-8DB4-EC7B797C2297}.Debug|Any CPU.Build.0 = Debug|Any CPU
		{1E2EA89B-4409-4BF6-8DB4-EC7B797C2297}.Release|Any CPU.ActiveCfg = Release|Any CPU
		{1E2EA89B-4409-4BF6-8DB4-EC7B797C2297}.Release|Any CPU.Build.0 = Release|Any CPU
	EndGlobalSection
	GlobalSection(SolutionProperties) = preSolution
		HideSolutionNode = FALSE
	EndGlobalSection
	GlobalSection(ExtensibilityGlobals) = postSolution
		SolutionGuid = {C7DBEBB6-7407-46B3-B3B0-DC2335DF07BC}
	EndGlobalSection
EndGlobal
